
Microsoft Visual Studio Solution File, Format Version 12.00
# Visual Studio 2010
Project("{FAE04EC0-301F-11D3-BF4B-00C04F79EFBC}") = "SYPHU", "SYPHU\SYPHU.csproj", "{65CBD02B-EF6D-4443-B2BD-152ED67E6143}"
EndProject
Project("{FAE04EC0-301F-11D3-BF4B-00C04F79EFBC}") = "SYPHU.Views", "SYPHU.Views\SYPHU.Views.csproj", "{C729BDBF-5FBF-4AD8-B20A-D08DF8CD4BB7}"
EndProject
Project("{FAE04EC0-301F-11D3-BF4B-00C04F79EFBC}") = "SYPHU.ViewModels", "SYPHU.ViewModels\SYPHU.ViewModels.csproj", "{36828330-DD24-4249-8EF9-08FD689797A7}"
EndProject
Project("{FAE04EC0-301F-11D3-BF4B-00C04F79EFBC}") = "SYPHU.Configs", "SYPHU.Configs\SYPHU.Configs.csproj", "{9F125C36-21B4-40AA-B22B-A921118F08E1}"
EndProject
Project("{FAE04EC0-301F-11D3-BF4B-00C04F79EFBC}") = "SYPHU.Utilities", "SYPHU.Utilities\SYPHU.Utilities.csproj", "{4DDC1861-9611-42D7-A4A2-83709E78732D}"
EndProject
Project("{FAE04EC0-301F-11D3-BF4B-00C04F79EFBC}") = "SYPHU.Calculators", "SYPHU.Calculators\SYPHU.Calculators.csproj", "{277B71DC-C9C2-4D01-B4C8-FCD6F387C726}"
EndProject
Project("{FAE04EC0-301F-11D3-BF4B-00C04F79EFBC}") = "SYPHU.Assay", "SYPHU.Assay\SYPHU.Assay.csproj", "{89675468-1F41-4E86-B279-B607698D22D7}"
EndProject
Project("{8BC9CEB8-8B4A-11D0-8D11-00A0C91BC942}") = "SYPHU.CDKeyCheck", "SYPHU.CDKeyCheck\SYPHU.CDKeyCheck.vcxproj", "{8F4A4336-0B78-4842-ABCA-76AA5313940E}"
EndProject
Project("{FAE04EC0-301F-11D3-BF4B-00C04F79EFBC}") = "Generator", "Generator\Generator.csproj", "{81494926-BFB9-44DD-894D-637907793273}"
EndProject
Project("{FAE04EC0-301F-11D3-BF4B-00C04F79EFBC}") = "SYPHU.Extentions", "SYPHU.Extentions\SYPHU.Extentions.csproj", "{F33628E7-ECE6-4A19-A9B3-2B518EA13BE2}"
EndProject
Project("{FAE04EC0-301F-11D3-BF4B-00C04F79EFBC}") = "SYPHU.Exceptions", "SYPHU.Exceptions\SYPHU.Exceptions.csproj", "{54E1578C-5716-45AB-869F-DC540BD78E01}"
EndProject
Global
	GlobalSection(SolutionConfigurationPlatforms) = preSolution
		Debug|Any CPU = Debug|Any CPU
		Release|Any CPU = Release|Any CPU
	EndGlobalSection
	GlobalSection(ProjectConfigurationPlatforms) = postSolution
		{65CBD02B-EF6D-4443-B2BD-152ED67E6143}.Debug|Any CPU.ActiveCfg = Debug|Any CPU
		{65CBD02B-EF6D-4443-B2BD-152ED67E6143}.Debug|Any CPU.Build.0 = Debug|Any CPU
		{65CBD02B-EF6D-4443-B2BD-152ED67E6143}.Release|Any CPU.ActiveCfg = Release|Any CPU
		{65CBD02B-EF6D-4443-B2BD-152ED67E6143}.Release|Any CPU.Build.0 = Release|Any CPU
		{C729BDBF-5FBF-4AD8-B20A-D08DF8CD4BB7}.Debug|Any CPU.ActiveCfg = Debug|Any CPU
		{C729BDBF-5FBF-4AD8-B20A-D08DF8CD4BB7}.Debug|Any CPU.Build.0 = Debug|Any CPU
		{C729BDBF-5FBF-4AD8-B20A-D08DF8CD4BB7}.Release|Any CPU.ActiveCfg = Release|Any CPU
		{C729BDBF-5FBF-4AD8-B20A-D08DF8CD4BB7}.Release|Any CPU.Build.0 = Release|Any CPU
		{36828330-DD24-4249-8EF9-08FD689797A7}.Debug|Any CPU.ActiveCfg = Debug|Any CPU
		{36828330-DD24-4249-8EF9-08FD689797A7}.Debug|Any CPU.Build.0 = Debug|Any CPU
		{36828330-DD24-4249-8EF9-08FD689797A7}.Release|Any CPU.ActiveCfg = Release|Any CPU
		{36828330-DD24-4249-8EF9-08FD689797A7}.Release|Any CPU.Build.0 = Release|Any CPU
		{9F125C36-21B4-40AA-B22B-A921118F08E1}.Debug|Any CPU.ActiveCfg = Debug|Any CPU
		{9F125C36-21B4-40AA-B22B-A921118F08E1}.Debug|Any CPU.Build.0 = Debug|Any CPU
		{9F125C36-21B4-40AA-B22B-A921118F08E1}.Release|Any CPU.ActiveCfg = Release|Any CPU
		{9F125C36-21B4-40AA-B22B-A921118F08E1}.Release|Any CPU.Build.0 = Release|Any CPU
		{4DDC1861-9611-42D7-A4A2-83709E78732D}.Debug|Any CPU.ActiveCfg = Debug|Any CPU
		{4DDC1861-9611-42D7-A4A2-83709E78732D}.Debug|Any CPU.Build.0 = Debug|Any CPU
		{4DDC1861-9611-42D7-A4A2-83709E78732D}.Release|Any CPU.ActiveCfg = Release|Any CPU
		{4DDC1861-9611-42D7-A4A2-83709E78732D}.Release|Any CPU.Build.0 = Release|Any CPU
		{277B71DC-C9C2-4D01-B4C8-FCD6F387C726}.Debug|Any CPU.ActiveCfg = Debug|Any CPU
		{277B71DC-C9C2-4D01-B4C8-FCD6F387C726}.Debug|Any CPU.Build.0 = Debug|Any CPU
		{277B71DC-C9C2-4D01-B4C8-FCD6F387C726}.Release|Any CPU.ActiveCfg = Release|Any CPU
		{277B71DC-C9C2-4D01-B4C8-FCD6F387C726}.Release|Any CPU.Build.0 = Release|Any CPU
		{89675468-1F41-4E86-B279-B607698D22D7}.Debug|Any CPU.ActiveCfg = Debug|Any CPU
		{89675468-1F41-4E86-B279-B607698D22D7}.Debug|Any CPU.Build.0 = Debug|Any CPU
		{89675468-1F41-4E86-B279-B607698D22D7}.Release|Any CPU.ActiveCfg = Release|Any CPU
		{89675468-1F41-4E86-B279-B607698D22D7}.Release|Any CPU.Build.0 = Release|Any CPU
		{8F4A4336-0B78-4842-ABCA-76AA5313940E}.Debug|Any CPU.ActiveCfg = Debug|Win32
		{8F4A4336-0B78-4842-ABCA-76AA5313940E}.Debug|Any CPU.Build.0 = Debug|Win32
		{8F4A4336-0B78-4842-ABCA-76AA5313940E}.Release|Any CPU.ActiveCfg = Release|Win32
		{8F4A4336-0B78-4842-ABCA-76AA5313940E}.Release|Any CPU.Build.0 = Release|Win32
		{81494926-BFB9-44DD-894D-637907793273}.Debug|Any CPU.ActiveCfg = Debug|Any CPU
		{81494926-BFB9-44DD-894D-637907793273}.Debug|Any CPU.Build.0 = Debug|Any CPU
		{81494926-BFB9-44DD-894D-637907793273}.Release|Any CPU.ActiveCfg = Release|Any CPU
		{81494926-BFB9-44DD-894D-637907793273}.Release|Any CPU.Build.0 = Release|Any CPU
		{F33628E7-ECE6-4A19-A9B3-2B518EA13BE2}.Debug|Any CPU.ActiveCfg = Debug|Any CPU
		{F33628E7-ECE6-4A19-A9B3-2B518EA13BE2}.Debug|Any CPU.Build.0 = Debug|Any CPU
		{F33628E7-ECE6-4A19-A9B3-2B518EA13BE2}.Release|Any CPU.ActiveCfg = Release|Any CPU
		{F33628E7-ECE6-4A19-A9B3-2B518EA13BE2}.Release|Any CPU.Build.0 = Release|Any CPU
		{54E1578C-5716-45AB-869F-DC540BD78E01}.Debug|Any CPU.ActiveCfg = Debug|Any CPU
		{54E1578C-5716-45AB-869F-DC540BD78E01}.Debug|Any CPU.Build.0 = Debug|Any CPU
		{54E1578C-5716-45AB-869F-DC540BD78E01}.Release|Any CPU.ActiveCfg = Release|Any CPU
		{54E1578C-5716-45AB-869F-DC540BD78E01}.Release|Any CPU.Build.0 = Release|Any CPU
	EndGlobalSection
	GlobalSection(SolutionProperties) = preSolution
		HideSolutionNode = FALSE
	EndGlobalSection
EndGlobal
